// !$*UTF8*$!
{
	archiveVersion = 1;
	classes = {
	};
	objectVersion = 48;
	objects = {

/* Begin PBXBuildFile section */
		77669871206034F7007189BF /* Recipes.sqlite in Resources */ = {isa = PBXBuildFile; fileRef = 77B65B6C205FC1050033EE0C /* Recipes.sqlite */; };
		776E938620608BFE00DD81FD /* RecipeAddViewController.swift in Sources */ = {isa = PBXBuildFile; fileRef = 776E938520608BFE00DD81FD /* RecipeAddViewController.swift */; };
		776E93882060B17900DD81FD /* RecipeDetailTableViewController.swift in Sources */ = {isa = PBXBuildFile; fileRef = 776E93872060B17900DD81FD /* RecipeDetailTableViewController.swift */; };
		776E938A2060FD7700DD81FD /* ImageToDataTransformer.swift in Sources */ = {isa = PBXBuildFile; fileRef = 776E93892060FD7700DD81FD /* ImageToDataTransformer.swift */; };
		776E938C20610ED700DD81FD /* RecipeTableViewCell.swift in Sources */ = {isa = PBXBuildFile; fileRef = 776E938B20610ED700DD81FD /* RecipeTableViewCell.swift */; };
		77FAB55A205FB5BD00BE7326 /* AppDelegate.swift in Sources */ = {isa = PBXBuildFile; fileRef = 77FAB559205FB5BD00BE7326 /* AppDelegate.swift */; };
		77FAB55F205FB5BD00BE7326 /* Main.storyboard in Resources */ = {isa = PBXBuildFile; fileRef = 77FAB55D205FB5BD00BE7326 /* Main.storyboard */; };
		77FAB562205FB5BD00BE7326 /* Recipes.xcdatamodeld in Sources */ = {isa = PBXBuildFile; fileRef = 77FAB560205FB5BD00BE7326 /* Recipes.xcdatamodeld */; };
		77FAB567205FB5BD00BE7326 /* LaunchScreen.storyboard in Resources */ = {isa = PBXBuildFile; fileRef = 77FAB565205FB5BD00BE7326 /* LaunchScreen.storyboard */; };
		77FAB570205FB7FA00BE7326 /* Media.xcassets in Resources */ = {isa = PBXBuildFile; fileRef = 77FAB56F205FB7FA00BE7326 /* Media.xcassets */; };
		77FAB572205FB8F200BE7326 /* RecipeListTableViewController.swift in Sources */ = {isa = PBXBuildFile; fileRef = 77FAB571205FB8F200BE7326 /* RecipeListTableViewController.swift */; };
/* End PBXBuildFile section */

/* Begin PBXFileReference section */
		776E938520608BFE00DD81FD /* RecipeAddViewController.swift */ = {isa = PBXFileReference; lastKnownFileType = sourcecode.swift; path = RecipeAddViewController.swift; sourceTree = "<group>"; };
		776E93872060B17900DD81FD /* RecipeDetailTableViewController.swift */ = {isa = PBXFileReference; lastKnownFileType = sourcecode.swift; path = RecipeDetailTableViewController.swift; sourceTree = "<group>"; };
		776E93892060FD7700DD81FD /* ImageToDataTransformer.swift */ = {isa = PBXFileReference; lastKnownFileType = sourcecode.swift; path = ImageToDataTransformer.swift; sourceTree = "<group>"; };
		776E938B20610ED700DD81FD /* RecipeTableViewCell.swift */ = {isa = PBXFileReference; lastKnownFileType = sourcecode.swift; path = RecipeTableViewCell.swift; sourceTree = "<group>"; };
		77B65B6C205FC1050033EE0C /* Recipes.sqlite */ = {isa = PBXFileReference; lastKnownFileType = file; path = Recipes.sqlite; sourceTree = "<group>"; };
		77FAB556205FB5BD00BE7326 /* Recipes.app */ = {isa = PBXFileReference; explicitFileType = wrapper.application; includeInIndex = 0; path = Recipes.app; sourceTree = BUILT_PRODUCTS_DIR; };
		77FAB559205FB5BD00BE7326 /* AppDelegate.swift */ = {isa = PBXFileReference; lastKnownFileType = sourcecode.swift; path = AppDelegate.swift; sourceTree = "<group>"; };
		77FAB55E205FB5BD00BE7326 /* Base */ = {isa = PBXFileReference; lastKnownFileType = file.storyboard; name = Base; path = Base.lproj/Main.storyboard; sourceTree = "<group>"; };
		77FAB561205FB5BD00BE7326 /* Recipes.xcdatamodel */ = {isa = PBXFileReference; lastKnownFileType = wrapper.xcdatamodel; path = Recipes.xcdatamodel; sourceTree = "<group>"; };
		77FAB566205FB5BD00BE7326 /* Base */ = {isa = PBXFileReference; lastKnownFileType = file.storyboard; name = Base; path = Base.lproj/LaunchScreen.storyboard; sourceTree = "<group>"; };
		77FAB568205FB5BD00BE7326 /* Info.plist */ = {isa = PBXFileReference; lastKnownFileType = text.plist.xml; path = Info.plist; sourceTree = "<group>"; };
		77FAB56E205FB76C00BE7326 /* README.md */ = {isa = PBXFileReference; lastKnownFileType = net.daringfireball.markdown; path = README.md; sourceTree = "<group>"; };
		77FAB56F205FB7FA00BE7326 /* Media.xcassets */ = {isa = PBXFileReference; lastKnownFileType = folder.assetcatalog; path = Media.xcassets; sourceTree = "<group>"; };
		77FAB571205FB8F200BE7326 /* RecipeListTableViewController.swift */ = {isa = PBXFileReference; lastKnownFileType = sourcecode.swift; path = RecipeListTableViewController.swift; sourceTree = "<group>"; };
/* End PBXFileReference section */

/* Begin PBXFrameworksBuildPhase section */
		77FAB553205FB5BD00BE7326 /* Frameworks */ = {
			isa = PBXFrameworksBuildPhase;
			buildActionMask = 2147483647;
			files = (
			);
			runOnlyForDeploymentPostprocessing = 0;
		};
/* End PBXFrameworksBuildPhase section */

/* Begin PBXGroup section */
		77FAB54D205FB5BD00BE7326 = {
			isa = PBXGroup;
			children = (
				77FAB56E205FB76C00BE7326 /* README.md */,
				77FAB558205FB5BD00BE7326 /* Recipes */,
				77FAB557205FB5BD00BE7326 /* Products */,
			);
			sourceTree = "<group>";
		};
		77FAB557205FB5BD00BE7326 /* Products */ = {
			isa = PBXGroup;
			children = (
				77FAB556205FB5BD00BE7326 /* Recipes.app */,
			);
			name = Products;
			sourceTree = "<group>";
		};
		77FAB558205FB5BD00BE7326 /* Recipes */ = {
			isa = PBXGroup;
			children = (
				77FAB55D205FB5BD00BE7326 /* Main.storyboard */,
				77FAB559205FB5BD00BE7326 /* AppDelegate.swift */,
				77FAB56F205FB7FA00BE7326 /* Media.xcassets */,
				77FAB565205FB5BD00BE7326 /* LaunchScreen.storyboard */,
				77FAB568205FB5BD00BE7326 /* Info.plist */,
				77FAB560205FB5BD00BE7326 /* Recipes.xcdatamodeld */,
				77B65B6C205FC1050033EE0C /* Recipes.sqlite */,
				77FAB571205FB8F200BE7326 /* RecipeListTableViewController.swift */,
				776E938520608BFE00DD81FD /* RecipeAddViewController.swift */,
				776E93872060B17900DD81FD /* RecipeDetailTableViewController.swift */,
				776E93892060FD7700DD81FD /* ImageToDataTransformer.swift */,
				776E938B20610ED700DD81FD /* RecipeTableViewCell.swift */,
			);
			path = Recipes;
			sourceTree = "<group>";
		};
/* End PBXGroup section */

/* Begin PBXNativeTarget section */
		77FAB555205FB5BD00BE7326 /* Recipes */ = {
			isa = PBXNativeTarget;
			buildConfigurationList = 77FAB56B205FB5BD00BE7326 /* Build configuration list for PBXNativeTarget "Recipes" */;
			buildPhases = (
				77FAB552205FB5BD00BE7326 /* Sources */,
				77FAB553205FB5BD00BE7326 /* Frameworks */,
				77FAB554205FB5BD00BE7326 /* Resources */,
			);
			buildRules = (
			);
			dependencies = (
			);
			name = Recipes;
			productName = Recipes;
			productReference = 77FAB556205FB5BD00BE7326 /* Recipes.app */;
			productType = "com.apple.product-type.application";
		};
/* End PBXNativeTarget section */

/* Begin PBXProject section */
		77FAB54E205FB5BD00BE7326 /* Project object */ = {
			isa = PBXProject;
			attributes = {
				LastSwiftUpdateCheck = 0920;
				LastUpgradeCheck = 0920;
				ORGANIZATIONNAME = "Hamoud Alhoqbani";
				TargetAttributes = {
					77FAB555205FB5BD00BE7326 = {
						CreatedOnToolsVersion = 9.2;
						ProvisioningStyle = Automatic;
					};
				};
			};
			buildConfigurationList = 77FAB551205FB5BD00BE7326 /* Build configuration list for PBXProject "Recipes" */;
			compatibilityVersion = "Xcode 8.0";
			developmentRegion = en;
			hasScannedForEncodings = 0;
			knownRegions = (
				en,
				Base,
			);
			mainGroup = 77FAB54D205FB5BD00BE7326;
			productRefGroup = 77FAB557205FB5BD00BE7326 /* Products */;
			projectDirPath = "";
			projectRoot = "";
			targets = (
				77FAB555205FB5BD00BE7326 /* Recipes */,
			);
		};
/* End PBXProject section */

/* Begin PBXResourcesBuildPhase section */
		77FAB554205FB5BD00BE7326 /* Resources */ = {
			isa = PBXResourcesBuildPhase;
			buildActionMask = 2147483647;
			files = (
				77FAB567205FB5BD00BE7326 /* LaunchScreen.storyboard in Resources */,
				77669871206034F7007189BF /* Recipes.sqlite in Resources */,
				77FAB570205FB7FA00BE7326 /* Media.xcassets in Resources */,
				77FAB55F205FB5BD00BE7326 /* Main.storyboard in Resources */,
			);
			runOnlyForDeploymentPostprocessing = 0;
		};
/* End PBXResourcesBuildPhase section */

/* Begin PBXSourcesBuildPhase section */
		77FAB552205FB5BD00BE7326 /* Sources */ = {
			isa = PBXSourcesBuildPhase;
			buildActionMask = 2147483647;
			files = (
				776E93882060B17900DD81FD /* RecipeDetailTableViewController.swift in Sources */,
				776E938620608BFE00DD81FD /* RecipeAddViewController.swift in Sources */,
				776E938A2060FD7700DD81FD /* ImageToDataTransformer.swift in Sources */,
				776E938C20610ED700DD81FD /* RecipeTableViewCell.swift in Sources */,
				77FAB55A205FB5BD00BE7326 /* AppDelegate.swift in Sources */,
				77FAB572205FB8F200BE7326 /* RecipeListTableViewController.swift in Sources */,
				77FAB562205FB5BD00BE7326 /* Recipes.xcdatamodeld in Sources */,
			);
			runOnlyForDeploymentPostprocessing = 0;
		};
/* End PBXSourcesBuildPhase section */

/* Begin PBXVariantGroup section */
		77FAB55D205FB5BD00BE7326 /* Main.storyboard */ = {
			isa = PBXVariantGroup;
			children = (
				77FAB55E205FB5BD00BE7326 /* Base */,
			);
			name = Main.storyboard;
			sourceTree = "<group>";
		};
		77FAB565205FB5BD00BE7326 /* LaunchScreen.storyboard */ = {
			isa = PBXVariantGroup;
			children = (
				77FAB566205FB5BD00BE7326 /* Base */,
			);
			name = LaunchScreen.storyboard;
			sourceTree = "<group>";
		};
/* End PBXVariantGroup section */

/* Begin XCBuildConfiguration section */
		77FAB569205FB5BD00BE7326 /* Debug */ = {
			isa = XCBuildConfiguration;
			buildSettings = {
				ALWAYS_SEARCH_USER_PATHS = NO;
				CLANG_ANALYZER_NONNULL = YES;
				CLANG_ANALYZER_NUMBER_OBJECT_CONVERSION = YES_AGGRESSIVE;
				CLANG_CXX_LANGUAGE_STANDARD = "gnu++14";
				CLANG_CXX_LIBRARY = "libc++";
				CLANG_ENABLE_MODULES = YES;
				CLANG_ENABLE_OBJC_ARC = YES;
				CLANG_WARN_BLOCK_CAPTURE_AUTORELEASING = YES;
				CLANG_WARN_BOOL_CONVERSION = YES;
				CLANG_WARN_COMMA = YES;
				CLANG_WARN_CONSTANT_CONVERSION = YES;
				CLANG_WARN_DIRECT_OBJC_ISA_USAGE = YES_ERROR;
				CLANG_WARN_DOCUMENTATION_COMMENTS = YES;
				CLANG_WARN_EMPTY_BODY = YES;
				CLANG_WARN_ENUM_CONVERSION = YES;
				CLANG_WARN_INFINITE_RECURSION = YES;
				CLANG_WARN_INT_CONVERSION = YES;
				CLANG_WARN_NON_LITERAL_NULL_CONVERSION = YES;
				CLANG_WARN_OBJC_LITERAL_CONVERSION = YES;
				CLANG_WARN_OBJC_ROOT_CLASS = YES_ERROR;
				CLANG_WARN_RANGE_LOOP_ANALYSIS = YES;
				CLANG_WARN_STRICT_PROTOTYPES = YES;
				CLANG_WARN_SUSPICIOUS_MOVE = YES;
				CLANG_WARN_UNGUARDED_AVAILABILITY = YES_AGGRESSIVE;
				CLANG_WARN_UNREACHABLE_CODE = YES;
				CLANG_WARN__DUPLICATE_METHOD_MATCH = YES;
				CODE_SIGN_IDENTITY = "iPhone Developer";
				COPY_PHASE_STRIP = NO;
				DEBUG_INFORMATION_FORMAT = dwarf;
				ENABLE_STRICT_OBJC_MSGSEND = YES;
				ENABLE_TESTABILITY = YES;
				GCC_C_LANGUAGE_STANDARD = gnu11;
				GCC_DYNAMIC_NO_PIC = NO;
				GCC_NO_COMMON_BLOCKS = YES;
				GCC_OPTIMIZATION_LEVEL = 0;
				GCC_PREPROCESSOR_DEFINITIONS = (
					"DEBUG=1",
					"$(inherited)",
				);
				GCC_WARN_64_TO_32_BIT_CONVERSION = YES;
				GCC_WARN_ABOUT_RETURN_TYPE = YES_ERROR;
				GCC_WARN_UNDECLARED_SELECTOR = YES;
				GCC_WARN_UNINITIALIZED_AUTOS = YES_AGGRESSIVE;
				GCC_WARN_UNUSED_FUNCTION = YES;
				GCC_WARN_UNUSED_VARIABLE = YES;
				IPHONEOS_DEPLOYMENT_TARGET = 11.2;
				MTL_ENABLE_DEBUG_INFO = YES;
				ONLY_ACTIVE_ARCH = YES;
				SDKROOT = iphoneos;
				SWIFT_ACTIVE_COMPILATION_CONDITIONS = DEBUG;
				SWIFT_OPTIMIZATION_LEVEL = "-Onone";
			};
			name = Debug;
		};
		77FAB56A205FB5BD00BE7326 /* Release */ = {
			isa = XCBuildConfiguration;
			buildSettings = {
				ALWAYS_SEARCH_USER_PATHS = NO;
				CLANG_ANALYZER_NONNULL = YES;
				CLANG_ANALYZER_NUMBER_OBJECT_CONVERSION = YES_AGGRESSIVE;
				CLANG_CXX_LANGUAGE_STANDARD = "gnu++14";
				CLANG_CXX_LIBRARY = "libc++";
				CLANG_ENABLE_MODULES = YES;
				CLANG_ENABLE_OBJC_ARC = YES;
				CLANG_WARN_BLOCK_CAPTURE_AUTORELEASING = YES;
				CLANG_WARN_BOOL_CONVERSION = YES;
				CLANG_WARN_COMMA = YES;
				CLANG_WARN_CONSTANT_CONVERSION = YES;
				CLANG_WARN_DIRECT_OBJC_ISA_USAGE = YES_ERROR;
				CLANG_WARN_DOCUMENTATION_COMMENTS = YES;
				CLANG_WARN_EMPTY_BODY = YES;
				CLANG_WARN_ENUM_CONVERSION = YES;
				CLANG_WARN_INFINITE_RECURSION = YES;
				CLANG_WARN_INT_CONVERSION = YES;
				CLANG_WARN_NON_LITERAL_NULL_CONVERSION = YES;
				CLANG_WARN_OBJC_LITERAL_CONVERSION = YES;
				CLANG_WARN_OBJC_ROOT_CLASS = YES_ERROR;
				CLANG_WARN_RANGE_LOOP_ANALYSIS = YES;
				CLANG_WARN_STRICT_PROTOTYPES = YES;
				CLANG_WARN_SUSPICIOUS_MOVE = YES;
				CLANG_WARN_UNGUARDED_AVAILABILITY = YES_AGGRESSIVE;
				CLANG_WARN_UNREACHABLE_CODE = YES;
				CLANG_WARN__DUPLICATE_METHOD_MATCH = YES;
				CODE_SIGN_IDENTITY = "iPhone Developer";
				COPY_PHASE_STRIP = NO;
				DEBUG_INFORMATION_FORMAT = "dwarf-with-dsym";
				ENABLE_NS_ASSERTIONS = NO;
				ENABLE_STRICT_OBJC_MSGSEND = YES;
				GCC_C_LANGUAGE_STANDARD = gnu11;
				GCC_NO_COMMON_BLOCKS = YES;
				GCC_WARN_64_TO_32_BIT_CONVERSION = YES;
				GCC_WARN_ABOUT_RETURN_TYPE = YES_ERROR;
				GCC_WARN_UNDECLARED_SELECTOR = YES;
				GCC_WARN_UNINITIALIZED_AUTOS = YES_AGGRESSIVE;
				GCC_WARN_UNUSED_FUNCTION = YES;
				GCC_WARN_UNUSED_VARIABLE = YES;
				IPHONEOS_DEPLOYMENT_TARGET = 11.2;
				MTL_ENABLE_DEBUG_INFO = NO;
				SDKROOT = iphoneos;
				SWIFT_OPTIMIZATION_LEVEL = "-Owholemodule";
				VALIDATE_PRODUCT = YES;
			};
			name = Release;
		};
		77FAB56C205FB5BD00BE7326 /* Debug */ = {
			isa = XCBuildConfiguration;
			buildSettings = {
				ASSETCATALOG_COMPILER_APPICON_NAME = AppIcon;
				CODE_SIGN_STYLE = Automatic;
				DEVELOPMENT_TEAM = JWBBAP7VQK;
				INFOPLIST_FILE = Recipes/Info.plist;
				IPHONEOS_DEPLOYMENT_TARGET = 11.0;
				LD_RUNPATH_SEARCH_PATHS = "$(inherited) @executable_path/Frameworks";
				PRODUCT_BUNDLE_IDENTIFIER = com.alhoqbani.Recipes;
				PRODUCT_NAME = "$(TARGET_NAME)";
				SWIFT_VERSION = 4.0;
				TARGETED_DEVICE_FAMILY = "1,2";
			};
			name = Debug;
		};
		77FAB56D205FB5BD00BE7326 /* Release */ = {
			isa = XCBuildConfiguration;
			buildSettings = {
				ASSETCATALOG_COMPILER_APPICON_NAME = AppIcon;
				CODE_SIGN_STYLE = Automatic;
				DEVELOPMENT_TEAM = JWBBAP7VQK;
				INFOPLIST_FILE = Recipes/Info.plist;
				IPHONEOS_DEPLOYMENT_TARGET = 11.0;
				LD_RUNPATH_SEARCH_PATHS = "$(inherited) @executable_path/Frameworks";
				PRODUCT_BUNDLE_IDENTIFIER = com.alhoqbani.Recipes;
				PRODUCT_NAME = "$(TARGET_NAME)";
				SWIFT_VERSION = 4.0;
				TARGETED_DEVICE_FAMILY = "1,2";
			};
			name = Release;
		};
/* End XCBuildConfiguration section */

/* Begin XCConfigurationList section */
		77FAB551205FB5BD00BE7326 /* Build configuration list for PBXProject "Recipes" */ = {
			isa = XCConfigurationList;
			buildConfigurations = (
				77FAB569205FB5BD00BE7326 /* Debug */,
				77FAB56A205FB5BD00BE7326 /* Release */,
			);
			defaultConfigurationIsVisible = 0;
			defaultConfigurationName = Release;
		};
		77FAB56B205FB5BD00BE7326 /* Build configuration list for PBXNativeTarget "Recipes" */ = {
			isa = XCConfigurationList;
			buildConfigurations = (
				77FAB56C205FB5BD00BE7326 /* Debug */,
				77FAB56D205FB5BD00BE7326 /* Release */,
			);
			defaultConfigurationIsVisible = 0;
			defaultConfigurationName = Release;
		};
/* End XCConfigurationList section */

/* Begin XCVersionGroup section */
		77FAB560205FB5BD00BE7326 /* Recipes.xcdatamodeld */ = {
			isa = XCVersionGroup;
			children = (
				77FAB561205FB5BD00BE7326 /* Recipes.xcdatamodel */,
			);
			currentVersion = 77FAB561205FB5BD00BE7326 /* Recipes.xcdatamodel */;
			path = Recipes.xcdatamodeld;
			sourceTree = "<group>";
			versionGroupType = wrapper.xcdatamodel;
		};
/* End XCVersionGroup section */
	};
	rootObject = 77FAB54E205FB5BD00BE7326 /* Project object */;
}
